
Microsoft Visual Studio Solution File, Format Version 12.00
# Visual Studio Version 16
VisualStudioVersion = 25.0.1704.3
MinimumVisualStudioVersion = 10.0.40219.1
Project("{FAE04EC0-301F-11D3-BF4B-00C04F79EFBC}") = "SqsPublisher", "SqsPublisher\SqsPublisher.csproj", "{8583D161-0780-4171-BB61-EB1C47E2E373}"
EndProject
Project("{2150E333-8FDC-42A3-9474-1A3956D46DE8}") = "Solution Items", "Solution Items", "{B2554116-2961-43D9-80BD-477A4F696756}"
	ProjectSection(SolutionItems) = preProject
		.gitignore = .gitignore
	EndProjectSection
EndProject
Project("{FAE04EC0-301F-11D3-BF4B-00C04F79EFBC}") = "SqsConsumer", "SqsConsumer\SqsConsumer.csproj", "{C5D33232-CFC9-48E1-952D-2D9AAF966BBB}"
EndProject
Global
	GlobalSection(SolutionConfigurationPlatforms) = preSolution
		Debug|Any CPU = Debug|Any CPU
		Release|Any CPU = Release|Any CPU
	EndGlobalSection
	GlobalSection(ProjectConfigurationPlatforms) = postSolution
		{8583D161-0780-4171-BB61-EB1C47E2E373}.Debug|Any CPU.ActiveCfg = Debug|Any CPU
		{8583D161-0780-4171-BB61-EB1C47E2E373}.Debug|Any CPU.Build.0 = Debug|Any CPU
		{8583D161-0780-4171-BB61-EB1C47E2E373}.Release|Any CPU.ActiveCfg = Release|Any CPU
		{8583D161-0780-4171-BB61-EB1C47E2E373}.Release|Any CPU.Build.0 = Release|Any CPU
		{C5D33232-CFC9-48E1-952D-2D9AAF966BBB}.Debug|Any CPU.ActiveCfg = Debug|Any CPU
		{C5D33232-CFC9-48E1-952D-2D9AAF966BBB}.Debug|Any CPU.Build.0 = Debug|Any CPU
		{C5D33232-CFC9-48E1-952D-2D9AAF966BBB}.Release|Any CPU.ActiveCfg = Release|Any CPU
		{C5D33232-CFC9-48E1-952D-2D9AAF966BBB}.Release|Any CPU.Build.0 = Release|Any CPU
	EndGlobalSection
	GlobalSection(SolutionProperties) = preSolution
		HideSolutionNode = FALSE
	EndGlobalSection
	GlobalSection(ExtensibilityGlobals) = postSolution
		SolutionGuid = {D2C193A1-4DCF-42E8-8090-F4CB42CCDB72}
	EndGlobalSection
EndGlobal
